
Microsoft Visual Studio Solution File, Format Version 12.00
# Visual Studio Version 16
VisualStudioVersion = 25.0.1705.3
MinimumVisualStudioVersion = 10.0.40219.1
Project("{FAE04EC0-301F-11D3-BF4B-00C04F79EFBC}") = "VectorLib", "DemoClass\VectorLib.csproj", "{149DF588-EBF3-420E-A325-2FF6B0D50F81}"
EndProject
Project("{FAE04EC0-301F-11D3-BF4B-00C04F79EFBC}") = "VectorLibs.Tests", "VectorLibs.Tests\VectorLibs.Tests.csproj", "{24069C0B-120F-4D52-92BD-ED3AA5C650A9}"
EndProject
Global
	GlobalSection(SolutionConfigurationPlatforms) = preSolution
		Debug|Any CPU = Debug|Any CPU
		Release|Any CPU = Release|Any CPU
	EndGlobalSection
	GlobalSection(ProjectConfigurationPlatforms) = postSolution
		{149DF588-EBF3-420E-A325-2FF6B0D50F81}.Debug|Any CPU.ActiveCfg = Debug|Any CPU
		{149DF588-EBF3-420E-A325-2FF6B0D50F81}.Debug|Any CPU.Build.0 = Debug|Any CPU
		{149DF588-EBF3-420E-A325-2FF6B0D50F81}.Release|Any CPU.ActiveCfg = Release|Any CPU
		{149DF588-EBF3-420E-A325-2FF6B0D50F81}.Release|Any CPU.Build.0 = Release|Any CPU
		{24069C0B-120F-4D52-92BD-ED3AA5C650A9}.Debug|Any CPU.ActiveCfg = Debug|Any CPU
		{24069C0B-120F-4D52-92BD-ED3AA5C650A9}.Debug|Any CPU.Build.0 = Debug|Any CPU
		{24069C0B-120F-4D52-92BD-ED3AA5C650A9}.Release|Any CPU.ActiveCfg = Release|Any CPU
		{24069C0B-120F-4D52-92BD-ED3AA5C650A9}.Release|Any CPU.Build.0 = Release|Any CPU
	EndGlobalSection
	GlobalSection(SolutionProperties) = preSolution
		HideSolutionNode = FALSE
	EndGlobalSection
	GlobalSection(ExtensibilityGlobals) = postSolution
		SolutionGuid = {2F509DF3-95F3-4221-9030-C800FB01D151}
	EndGlobalSection
EndGlobal
